
Microsoft Visual Studio Solution File, Format Version 12.00
# Visual Studio Version 17
VisualStudioVersion = 17.9.34616.47
MinimumVisualStudioVersion = 10.0.40219.1
Project("{9A19103F-16F7-4668-BE54-9A1E7A4F7556}") = "WebServer", "WebServer\WebServer.csproj", "{A84C0D8D-BF2E-449A-A46C-F5BE6FD2F42F}"
EndProject
Project("{9A19103F-16F7-4668-BE54-9A1E7A4F7556}") = "Common", "Common\Common.csproj", "{0690883A-D749-42F3-88CB-41D2F627C862}"
EndProject
Project("{9A19103F-16F7-4668-BE54-9A1E7A4F7556}") = "GameServer", "GameServer\GameServer.csproj", "{8E3A0EA5-F4BC-4478-AEB9-CAAC07F10BD3}"
EndProject
Project("{2150E333-8FDC-42A3-9474-1A3956D46DE8}") = "解决方案项", "解决方案项", "{D0C7E85C-E906-4605-B521-9AB961C66F18}"
	ProjectSection(SolutionItems) = preProject
		README.md = README.md
	EndProjectSection
EndProject
Project("{2150E333-8FDC-42A3-9474-1A3956D46DE8}") = "Solution Items", "Solution Items", "{0C822679-4BCC-497A-AF15-F441EC750CCE}"
	ProjectSection(SolutionItems) = preProject
		.editorconfig = .editorconfig
	EndProjectSection
EndProject
Global
	GlobalSection(SolutionConfigurationPlatforms) = preSolution
		Debug|Any CPU = Debug|Any CPU
		Release|Any CPU = Release|Any CPU
	EndGlobalSection
	GlobalSection(ProjectConfigurationPlatforms) = postSolution
		{A84C0D8D-BF2E-449A-A46C-F5BE6FD2F42F}.Debug|Any CPU.ActiveCfg = Debug|Any CPU
		{A84C0D8D-BF2E-449A-A46C-F5BE6FD2F42F}.Debug|Any CPU.Build.0 = Debug|Any CPU
		{A84C0D8D-BF2E-449A-A46C-F5BE6FD2F42F}.Release|Any CPU.ActiveCfg = Release|Any CPU
		{A84C0D8D-BF2E-449A-A46C-F5BE6FD2F42F}.Release|Any CPU.Build.0 = Release|Any CPU
		{0690883A-D749-42F3-88CB-41D2F627C862}.Debug|Any CPU.ActiveCfg = Debug|Any CPU
		{0690883A-D749-42F3-88CB-41D2F627C862}.Debug|Any CPU.Build.0 = Debug|Any CPU
		{0690883A-D749-42F3-88CB-41D2F627C862}.Release|Any CPU.ActiveCfg = Release|Any CPU
		{0690883A-D749-42F3-88CB-41D2F627C862}.Release|Any CPU.Build.0 = Release|Any CPU
		{8E3A0EA5-F4BC-4478-AEB9-CAAC07F10BD3}.Debug|Any CPU.ActiveCfg = Debug|Any CPU
		{8E3A0EA5-F4BC-4478-AEB9-CAAC07F10BD3}.Debug|Any CPU.Build.0 = Debug|Any CPU
		{8E3A0EA5-F4BC-4478-AEB9-CAAC07F10BD3}.Release|Any CPU.ActiveCfg = Release|Any CPU
		{8E3A0EA5-F4BC-4478-AEB9-CAAC07F10BD3}.Release|Any CPU.Build.0 = Release|Any CPU
	EndGlobalSection
	GlobalSection(SolutionProperties) = preSolution
		HideSolutionNode = FALSE
	EndGlobalSection
	GlobalSection(ExtensibilityGlobals) = postSolution
		SolutionGuid = {05A94C2B-B569-45D2-AB39-3F26D02E421A}
	EndGlobalSection
EndGlobal
